PODS:
  - AFNetworking (2.7.0):
    - AFNetworking/NSURLConnection (= 2.7.0)
    - AFNetworking/NSURLSession (= 2.7.0)
    - AFNetworking/Reachability (= 2.7.0)
    - AFNetworking/Security (= 2.7.0)
    - AFNetworking/Serialization (= 2.7.0)
    - AFNetworking/UIKit (= 2.7.0)
  - AFNetworking/NSURLConnection (2.7.0):
    - AFNetworking/Reachability
    - AFNetworking/Security
    - AFNetworking/Serialization
  - AFNetworking/NSURLSession (2.7.0):
    - AFNetworking/Reachability
    - AFNetworking/Security
    - AFNetworking/Serialization
  - AFNetworking/Reachability (2.7.0)
  - AFNetworking/Security (2.7.0)
  - AFNetworking/Serialization (2.7.0)
  - AFNetworking/UIKit (2.7.0):
    - AFNetworking/NSURLConnection
    - AFNetworking/NSURLSession

DEPENDENCIES:
  - AFNetworking (from `https://github.com/handya/AFNetworking.git`, branch `NZBClient-Support`)

EXTERNAL SOURCES:
  AFNetworking:
    :branch: NZBClient-Support
    :git: https://github.com/handya/AFNetworking.git

CHECKOUT OPTIONS:
  AFNetworking:
    :commit: 34633e8ed1400d323196161173e4af59e2b947f5
    :git: https://github.com/handya/AFNetworking.git

SPEC CHECKSUMS:
  AFNetworking: 8dd5f9b9691e09186393069a12cc3b5ed7c8b511

PODFILE CHECKSUM: d6081c97fccc3feaf6c8c64f0eeccc55de62fc41

COCOAPODS: 1.7.0.beta.3
